
Microsoft Visual Studio Solution File, Format Version 12.00
# Visual Studio Version 16
VisualStudioVersion = 16.0.31515.178
MinimumVisualStudioVersion = 10.0.40219.1
Project("{FAE04EC0-301F-11D3-BF4B-00C04F79EFBC}") = "2nd set 1st question", "2nd set 1st question\2nd set 1st question.csproj", "{3D0A6187-2AE3-4243-98A8-9AA5D9A70B57}"
EndProject
Global
	GlobalSection(SolutionConfigurationPlatforms) = preSolution
		Debug|Any CPU = Debug|Any CPU
		Release|Any CPU = Release|Any CPU
	EndGlobalSection
	GlobalSection(ProjectConfigurationPlatforms) = postSolution
		{3D0A6187-2AE3-4243-98A8-9AA5D9A70B57}.Debug|Any CPU.ActiveCfg = Debug|Any CPU
		{3D0A6187-2AE3-4243-98A8-9AA5D9A70B57}.Debug|Any CPU.Build.0 = Debug|Any CPU
		{3D0A6187-2AE3-4243-98A8-9AA5D9A70B57}.Release|Any CPU.ActiveCfg = Release|Any CPU
		{3D0A6187-2AE3-4243-98A8-9AA5D9A70B57}.Release|Any CPU.Build.0 = Release|Any CPU
	EndGlobalSection
	GlobalSection(SolutionProperties) = preSolution
		HideSolutionNode = FALSE
	EndGlobalSection
	GlobalSection(ExtensibilityGlobals) = postSolution
		SolutionGuid = {DD6A9B84-C8C0-4BE8-A5D3-84B60A9A549F}
	EndGlobalSection
EndGlobal
