
Microsoft Visual Studio Solution File, Format Version 12.00
# Visual Studio Version 16
VisualStudioVersion = 16.0.31515.178
MinimumVisualStudioVersion = 10.0.40219.1
Project("{FAE04EC0-301F-11D3-BF4B-00C04F79EFBC}") = "2nd set 2nd question", "2nd set 2nd question\2nd set 2nd question.csproj", "{F75EB967-B32C-4A85-9FD6-915C29B94219}"
EndProject
Global
	GlobalSection(SolutionConfigurationPlatforms) = preSolution
		Debug|Any CPU = Debug|Any CPU
		Release|Any CPU = Release|Any CPU
	EndGlobalSection
	GlobalSection(ProjectConfigurationPlatforms) = postSolution
		{F75EB967-B32C-4A85-9FD6-915C29B94219}.Debug|Any CPU.ActiveCfg = Debug|Any CPU
		{F75EB967-B32C-4A85-9FD6-915C29B94219}.Debug|Any CPU.Build.0 = Debug|Any CPU
		{F75EB967-B32C-4A85-9FD6-915C29B94219}.Release|Any CPU.ActiveCfg = Release|Any CPU
		{F75EB967-B32C-4A85-9FD6-915C29B94219}.Release|Any CPU.Build.0 = Release|Any CPU
	EndGlobalSection
	GlobalSection(SolutionProperties) = preSolution
		HideSolutionNode = FALSE
	EndGlobalSection
	GlobalSection(ExtensibilityGlobals) = postSolution
		SolutionGuid = {9F678C23-D580-45AF-BA3C-5CE13E4DD8CF}
	EndGlobalSection
EndGlobal
