
Microsoft Visual Studio Solution File, Format Version 12.00
# Visual Studio Version 16
VisualStudioVersion = 16.0.31515.178
MinimumVisualStudioVersion = 10.0.40219.1
Project("{FAE04EC0-301F-11D3-BF4B-00C04F79EFBC}") = "inheritance 1st question", "inheritance 1st question\inheritance 1st question.csproj", "{08A138C4-0548-438D-B334-05DC52B52315}"
EndProject
Global
	GlobalSection(SolutionConfigurationPlatforms) = preSolution
		Debug|Any CPU = Debug|Any CPU
		Release|Any CPU = Release|Any CPU
	EndGlobalSection
	GlobalSection(ProjectConfigurationPlatforms) = postSolution
		{08A138C4-0548-438D-B334-05DC52B52315}.Debug|Any CPU.ActiveCfg = Debug|Any CPU
		{08A138C4-0548-438D-B334-05DC52B52315}.Debug|Any CPU.Build.0 = Debug|Any CPU
		{08A138C4-0548-438D-B334-05DC52B52315}.Release|Any CPU.ActiveCfg = Release|Any CPU
		{08A138C4-0548-438D-B334-05DC52B52315}.Release|Any CPU.Build.0 = Release|Any CPU
	EndGlobalSection
	GlobalSection(SolutionProperties) = preSolution
		HideSolutionNode = FALSE
	EndGlobalSection
	GlobalSection(ExtensibilityGlobals) = postSolution
		SolutionGuid = {968EFDB8-2053-48B4-8F35-709736AA6F5E}
	EndGlobalSection
EndGlobal
