
Microsoft Visual Studio Solution File, Format Version 12.00
# Visual Studio Version 16
VisualStudioVersion = 16.0.31515.178
MinimumVisualStudioVersion = 10.0.40219.1
Project("{FAE04EC0-301F-11D3-BF4B-00C04F79EFBC}") = "inheritance 5th question", "inheritance 5th question\inheritance 5th question.csproj", "{C74778B8-1FFE-4D9E-89C3-7403E569B862}"
EndProject
Global
	GlobalSection(SolutionConfigurationPlatforms) = preSolution
		Debug|Any CPU = Debug|Any CPU
		Release|Any CPU = Release|Any CPU
	EndGlobalSection
	GlobalSection(ProjectConfigurationPlatforms) = postSolution
		{C74778B8-1FFE-4D9E-89C3-7403E569B862}.Debug|Any CPU.ActiveCfg = Debug|Any CPU
		{C74778B8-1FFE-4D9E-89C3-7403E569B862}.Debug|Any CPU.Build.0 = Debug|Any CPU
		{C74778B8-1FFE-4D9E-89C3-7403E569B862}.Release|Any CPU.ActiveCfg = Release|Any CPU
		{C74778B8-1FFE-4D9E-89C3-7403E569B862}.Release|Any CPU.Build.0 = Release|Any CPU
	EndGlobalSection
	GlobalSection(SolutionProperties) = preSolution
		HideSolutionNode = FALSE
	EndGlobalSection
	GlobalSection(ExtensibilityGlobals) = postSolution
		SolutionGuid = {44B7E65E-B526-4124-9195-205039002F2F}
	EndGlobalSection
EndGlobal
